
Microsoft Visual Studio Solution File, Format Version 12.00
# Visual Studio Version 17
VisualStudioVersion = 17.3.32901.215
MinimumVisualStudioVersion = 10.0.40219.1
Project("{FAE04EC0-301F-11D3-BF4B-00C04F79EFBC}") = "vizefinal", "vizefinal\vizefinal.csproj", "{BDEBDB9C-C03B-4504-814E-87F6A4E6FFB6}"
EndProject
Global
	GlobalSection(SolutionConfigurationPlatforms) = preSolution
		Debug|Any CPU = Debug|Any CPU
		Release|Any CPU = Release|Any CPU
	EndGlobalSection
	GlobalSection(ProjectConfigurationPlatforms) = postSolution
		{BDEBDB9C-C03B-4504-814E-87F6A4E6FFB6}.Debug|Any CPU.ActiveCfg = Debug|Any CPU
		{BDEBDB9C-C03B-4504-814E-87F6A4E6FFB6}.Debug|Any CPU.Build.0 = Debug|Any CPU
		{BDEBDB9C-C03B-4504-814E-87F6A4E6FFB6}.Release|Any CPU.ActiveCfg = Release|Any CPU
		{BDEBDB9C-C03B-4504-814E-87F6A4E6FFB6}.Release|Any CPU.Build.0 = Release|Any CPU
	EndGlobalSection
	GlobalSection(SolutionProperties) = preSolution
		HideSolutionNode = FALSE
	EndGlobalSection
	GlobalSection(ExtensibilityGlobals) = postSolution
		SolutionGuid = {4E2783DE-8DEB-410B-BB28-A1AFC4A58A35}
	EndGlobalSection
EndGlobal
